{
  "name": "elm-pages-example",
  "version": "1.0.0",
  "lockfileVersion": 2,
  "requires": true,
  "packages": {
    "": {
      "name": "elm-pages-example",
      "version": "1.0.0",
      "license": "BSD-3",
      "devDependencies": {
        "@netlify/functions": "^0.7.2",
        "busboy": "^1.1.0",
        "cookie": "^0.4.1",
        "elm-pages": "file:../..",
        "elm-tooling": "^1.3.0"
      }
    },
    "../..": {
      "version": "2.1.11",
      "dev": true,
      "license": "BSD-3-Clause",
      "dependencies": {
        "busboy": "^1.0.0",
        "chokidar": "3.5.2",
        "commander": "8.3.0",
        "connect": "^3.7.0",
        "cookie": "^0.4.1",
        "cross-spawn": "7.0.3",
        "devcert": "^1.2.0",
        "elm-doc-preview": "^5.0.5",
        "elm-hot": "^1.1.6",
        "fs-extra": "^10.0.0",
        "globby": "11.0.4",
        "gray-matter": "^4.0.3",
        "jsesc": "^3.0.2",
        "kleur": "^4.1.4",
        "memfs": "3.4.0",
        "micromatch": "^4.0.4",
        "object-hash": "^2.2.0",
        "serve-static": "^1.14.1",
        "terser": "^5.7.2",
        "undici": "^4.4.7",
        "which": "^2.0.2"
      },
      "bin": {
        "elm-pages": "generator/src/cli.js"
      },
      "devDependencies": {
        "@types/cross-spawn": "^6.0.2",
        "@types/fs-extra": "9.0.12",
        "@types/micromatch": "^4.0.2",
        "@types/node": "12.20.12",
        "@types/serve-static": "1.13.10",
        "cypress": "^8.3.0",
        "elm-optimize-level-2": "^0.1.5",
        "elm-review": "^2.5.3",
        "elm-test": "^0.19.1-revision7",
        "elm-tooling": "^1.3.0",
        "elm-verify-examples": "^5.2.0",
        "elmi-to-json": "^1.2.0",
        "mocha": "^9.1.0",
        "typescript": "4.3.5"
      }
    },
    "node_modules/@netlify/functions": {
      "version": "0.7.2",
      "resolved": "https://registry.npmjs.org/@netlify/functions/-/functions-0.7.2.tgz",
      "integrity": "sha512-xf45ZqQukMxmlkqNMC5BXdFMaVZ8VqF42MV5zA5nKVOh2V0mhYlcbTYlVbS/K2/rtvQ3W8lxxixYl4NT7kq6Bg==",
      "dev": true,
      "dependencies": {
        "is-promise": "^4.0.0"
      },
      "engines": {
        "node": ">=8.3.0"
      }
    },
    "node_modules/busboy": {
      "version": "1.1.0",
      "resolved": "https://registry.npmjs.org/busboy/-/busboy-1.1.0.tgz",
      "integrity": "sha512-mPSE4F6YmIwUGuiXtkk4IfG6oseCAIrn/YcIW2778b07k9UvlMNfK4C2900KRAU+euDEcS0xx3c8iA92z+9Ljw==",
      "dev": true,
      "dependencies": {
        "streamsearch": "^1.1.0"
      },
      "engines": {
        "node": ">=10.16.0"
      }
    },
    "node_modules/cookie": {
      "version": "0.4.1",
      "resolved": "https://registry.npmjs.org/cookie/-/cookie-0.4.1.tgz",
      "integrity": "sha512-ZwrFkGJxUR3EIoXtO+yVE69Eb7KlixbaeAWfBQB9vVsNn/o+Yw69gBWSSDK825hQNdN+wF8zELf3dFNl/kxkUA==",
      "dev": true,
      "engines": {
        "node": ">= 0.6"
      }
    },
    "node_modules/elm-pages": {
      "resolved": "../..",
      "link": true
    },
    "node_modules/elm-tooling": {
      "version": "1.7.0",
      "resolved": "https://registry.npmjs.org/elm-tooling/-/elm-tooling-1.7.0.tgz",
      "integrity": "sha512-EHZ54voWrG3BhUONbH/wFw5U95H6N7R4QFgXHDrPIaDBDdeyNkpFu4QWArSWkhzxyCF7hqT8ya2yy7SferDsgg==",
      "dev": true,
      "bin": {
        "elm-tooling": "index.js"
      }
    },
    "node_modules/is-promise": {
      "version": "4.0.0",
      "resolved": "https://registry.npmjs.org/is-promise/-/is-promise-4.0.0.tgz",
      "integrity": "sha512-hvpoI6korhJMnej285dSg6nu1+e6uxs7zG3BYAm5byqDsgJNWwxzM6z6iZiAgQR4TJ30JmBTOwqZUw3WlyH3AQ==",
      "dev": true
    },
    "node_modules/streamsearch": {
      "version": "1.1.0",
      "resolved": "https://registry.npmjs.org/streamsearch/-/streamsearch-1.1.0.tgz",
      "integrity": "sha512-Mcc5wHehp9aXz1ax6bZUyY5afg9u2rv5cqQI3mRrYkGC8rW2hM02jWuwjtL++LS5qinSyhj2QfLyNsuc+VsExg==",
      "dev": true,
      "engines": {
        "node": ">=10.0.0"
      }
    }
  },
  "dependencies": {
    "@netlify/functions": {
      "version": "0.7.2",
      "resolved": "https://registry.npmjs.org/@netlify/functions/-/functions-0.7.2.tgz",
      "integrity": "sha512-xf45ZqQukMxmlkqNMC5BXdFMaVZ8VqF42MV5zA5nKVOh2V0mhYlcbTYlVbS/K2/rtvQ3W8lxxixYl4NT7kq6Bg==",
      "dev": true,
      "requires": {
        "is-promise": "^4.0.0"
      }
    },
    "busboy": {
      "version": "1.1.0",
      "resolved": "https://registry.npmjs.org/busboy/-/busboy-1.1.0.tgz",
      "integrity": "sha512-mPSE4F6YmIwUGuiXtkk4IfG6oseCAIrn/YcIW2778b07k9UvlMNfK4C2900KRAU+euDEcS0xx3c8iA92z+9Ljw==",
      "dev": true,
      "requires": {
        "streamsearch": "^1.1.0"
      }
    },
    "cookie": {
      "version": "0.4.1",
      "resolved": "https://registry.npmjs.org/cookie/-/cookie-0.4.1.tgz",
      "integrity": "sha512-ZwrFkGJxUR3EIoXtO+yVE69Eb7KlixbaeAWfBQB9vVsNn/o+Yw69gBWSSDK825hQNdN+wF8zELf3dFNl/kxkUA==",
      "dev": true
    },
    "elm-pages": {
      "version": "file:../..",
      "requires": {
        "@types/cross-spawn": "^6.0.2",
        "@types/fs-extra": "9.0.12",
        "@types/micromatch": "^4.0.2",
        "@types/node": "12.20.12",
        "@types/serve-static": "1.13.10",
        "busboy": "^1.0.0",
        "chokidar": "3.5.2",
        "commander": "8.3.0",
        "connect": "^3.7.0",
        "cookie": "^0.4.1",
        "cross-spawn": "7.0.3",
        "cypress": "^8.3.0",
        "devcert": "^1.2.0",
        "elm-doc-preview": "^5.0.5",
        "elm-hot": "^1.1.6",
        "elm-optimize-level-2": "^0.1.5",
        "elm-review": "^2.5.3",
        "elm-test": "^0.19.1-revision7",
        "elm-tooling": "^1.3.0",
        "elm-verify-examples": "^5.2.0",
        "elmi-to-json": "^1.2.0",
        "fs-extra": "^10.0.0",
        "globby": "11.0.4",
        "gray-matter": "^4.0.3",
        "jsesc": "^3.0.2",
        "kleur": "^4.1.4",
        "memfs": "3.4.0",
        "micromatch": "^4.0.4",
        "mocha": "^9.1.0",
        "object-hash": "^2.2.0",
        "serve-static": "^1.14.1",
        "terser": "^5.7.2",
        "typescript": "4.3.5",
        "undici": "^4.4.7",
        "which": "^2.0.2"
      }
    },
    "elm-tooling": {
      "version": "1.7.0",
      "resolved": "https://registry.npmjs.org/elm-tooling/-/elm-tooling-1.7.0.tgz",
      "integrity": "sha512-EHZ54voWrG3BhUONbH/wFw5U95H6N7R4QFgXHDrPIaDBDdeyNkpFu4QWArSWkhzxyCF7hqT8ya2yy7SferDsgg==",
      "dev": true
    },
    "is-promise": {
      "version": "4.0.0",
      "resolved": "https://registry.npmjs.org/is-promise/-/is-promise-4.0.0.tgz",
      "integrity": "sha512-hvpoI6korhJMnej285dSg6nu1+e6uxs7zG3BYAm5byqDsgJNWwxzM6z6iZiAgQR4TJ30JmBTOwqZUw3WlyH3AQ==",
      "dev": true
    },
    "streamsearch": {
      "version": "1.1.0",
      "resolved": "https://registry.npmjs.org/streamsearch/-/streamsearch-1.1.0.tgz",
      "integrity": "sha512-Mcc5wHehp9aXz1ax6bZUyY5afg9u2rv5cqQI3mRrYkGC8rW2hM02jWuwjtL++LS5qinSyhj2QfLyNsuc+VsExg==",
      "dev": true
    }
  }
}
