{
  "name": "elm-pages-example",
  "version": "1.0.0",
  "lockfileVersion": 2,
  "requires": true,
  "packages": {
    "": {
      "name": "elm-pages-example",
      "version": "1.0.0",
      "license": "BSD-3",
      "devDependencies": {
        "elm-oembed": "0.0.6",
        "elm-pages": "file:../..",
        "elm-tooling": "^1.3.0",
        "http-server": "^0.11.1"
      }
    },
    "../..": {
      "name": "elm-pages",
      "version": "3.0.0-beta.40",
      "dev": true,
      "license": "BSD-3-Clause",
      "dependencies": {
        "busboy": "^1.6.0",
        "chokidar": "^3.5.3",
        "commander": "^10.0.1",
        "connect": "^3.7.0",
        "cookie-signature": "^1.2.1",
        "cross-spawn": "7.0.3",
        "devcert": "^1.2.2",
        "elm-doc-preview": "^5.0.5",
        "elm-hot": "^1.1.6",
        "esbuild": "^0.17.18",
        "fs-extra": "^11.1.1",
        "globby": "13.1.4",
        "gray-matter": "^4.0.3",
        "jsesc": "^3.0.2",
        "kleur": "^4.1.5",
        "make-fetch-happen": "^11.1.1",
        "memfs": "^3.5.1",
        "micromatch": "^4.0.5",
        "serve-static": "^1.15.0",
        "terser": "^5.17.1",
        "vite": "^4.3.5",
        "which": "^3.0.1"
      },
      "bin": {
        "elm-pages": "generator/src/cli.js"
      },
      "devDependencies": {
        "@types/cross-spawn": "^6.0.2",
        "@types/fs-extra": "^11.0.1",
        "@types/make-fetch-happen": "^10.0.1",
        "@types/micromatch": "^4.0.2",
        "@types/node": "^20.1.0",
        "@types/serve-static": "^1.15.1",
        "cypress": "^12.11.0",
        "elm-codegen": "^0.3.0",
        "elm-optimize-level-2": "^0.3.5",
        "elm-review": "^2.10.2",
        "elm-test": "^0.19.1-revision12",
        "elm-tooling": "^1.14.0",
        "elm-verify-examples": "^5.2.0",
        "elmi-to-json": "^1.4.3",
        "typescript": "^5.0.4",
        "vite": "^4.3.5",
        "vitest": "^0.31.0"
      }
    },
    "node_modules/async": {
      "version": "2.6.3",
      "resolved": "https://registry.npmjs.org/async/-/async-2.6.3.tgz",
      "integrity": "sha512-zflvls11DCy+dQWzTW2dzuilv8Z5X/pjfmZOWba6TNIVDm+2UDaJmXSOXlasHKfNBs8oo3M0aT50fDEWfKZjXg==",
      "dev": true,
      "dependencies": {
        "lodash": "^4.17.14"
      }
    },
    "node_modules/colors": {
      "version": "1.0.3",
      "resolved": "https://registry.npmjs.org/colors/-/colors-1.0.3.tgz",
      "integrity": "sha1-BDP0TYCWgP3rYO0mDxsMJi6CpAs=",
      "dev": true,
      "engines": {
        "node": ">=0.1.90"
      }
    },
    "node_modules/corser": {
      "version": "2.0.1",
      "resolved": "https://registry.npmjs.org/corser/-/corser-2.0.1.tgz",
      "integrity": "sha1-jtolLsqrWEDc2XXOuQ2TcMgZ/4c=",
      "dev": true,
      "engines": {
        "node": ">= 0.4.0"
      }
    },
    "node_modules/debug": {
      "version": "3.2.7",
      "resolved": "https://registry.npmjs.org/debug/-/debug-3.2.7.tgz",
      "integrity": "sha512-CFjzYYAi4ThfiQvizrFQevTTXHtnCqWfe7x1AhgEscTz6ZbLbfoLRLPugTQyBth6f8ZERVUSyWHFD/7Wu4t1XQ==",
      "dev": true,
      "dependencies": {
        "ms": "^2.1.1"
      }
    },
    "node_modules/ecstatic": {
      "version": "3.3.2",
      "resolved": "https://registry.npmjs.org/ecstatic/-/ecstatic-3.3.2.tgz",
      "integrity": "sha512-fLf9l1hnwrHI2xn9mEDT7KIi22UDqA2jaCwyCbSUJh9a1V+LEUSL/JO/6TIz/QyuBURWUHrFL5Kg2TtO1bkkog==",
      "dev": true,
      "dependencies": {
        "he": "^1.1.1",
        "mime": "^1.6.0",
        "minimist": "^1.1.0",
        "url-join": "^2.0.5"
      },
      "bin": {
        "ecstatic": "lib/ecstatic.js"
      }
    },
    "node_modules/elm-oembed": {
      "version": "0.0.6",
      "resolved": "https://registry.npmjs.org/elm-oembed/-/elm-oembed-0.0.6.tgz",
      "integrity": "sha512-EbDvhEgs5FmUF7T45HzcynsGnm/hqFslYU9z81UkjiE74/czedrQr8RXfMjSqnZ+Oloo7pi7ClO6xHHHyxcGKA==",
      "dev": true
    },
    "node_modules/elm-pages": {
      "resolved": "../..",
      "link": true
    },
    "node_modules/elm-tooling": {
      "version": "1.3.0",
      "resolved": "https://registry.npmjs.org/elm-tooling/-/elm-tooling-1.3.0.tgz",
      "integrity": "sha512-OLRg8D7QCbzMmi8QTaebIIsH2qaIj4NiltuJ8vZj4JFHOIVa3utyD5tlfySBGZNfDG7+vZ2K8iDk82TalFaAbw==",
      "dev": true,
      "bin": {
        "elm-tooling": "index.js"
      }
    },
    "node_modules/eventemitter3": {
      "version": "4.0.7",
      "resolved": "https://registry.npmjs.org/eventemitter3/-/eventemitter3-4.0.7.tgz",
      "integrity": "sha512-8guHBZCwKnFhYdHr2ysuRWErTwhoN2X8XELRlrRwpmfeY2jjuUN4taQMsULKUVo1K4DvZl+0pgfyoysHxvmvEw==",
      "dev": true
    },
    "node_modules/follow-redirects": {
      "version": "1.13.3",
      "resolved": "https://registry.npmjs.org/follow-redirects/-/follow-redirects-1.13.3.tgz",
      "integrity": "sha512-DUgl6+HDzB0iEptNQEXLx/KhTmDb8tZUHSeLqpnjpknR70H0nC2t9N73BK6fN4hOvJ84pKlIQVQ4k5FFlBedKA==",
      "dev": true,
      "engines": {
        "node": ">=4.0"
      }
    },
    "node_modules/he": {
      "version": "1.2.0",
      "resolved": "https://registry.npmjs.org/he/-/he-1.2.0.tgz",
      "integrity": "sha512-F/1DnUGPopORZi0ni+CvrCgHQ5FyEAHRLSApuYWMmrbSwoN2Mn/7k+Gl38gJnR7yyDZk6WLXwiGod1JOWNDKGw==",
      "dev": true,
      "bin": {
        "he": "bin/he"
      }
    },
    "node_modules/http-proxy": {
      "version": "1.18.1",
      "resolved": "https://registry.npmjs.org/http-proxy/-/http-proxy-1.18.1.tgz",
      "integrity": "sha512-7mz/721AbnJwIVbnaSv1Cz3Am0ZLT/UBwkC92VlxhXv/k/BBQfM2fXElQNC27BVGr0uwUpplYPQM9LnaBMR5NQ==",
      "dev": true,
      "dependencies": {
        "eventemitter3": "^4.0.0",
        "follow-redirects": "^1.0.0",
        "requires-port": "^1.0.0"
      },
      "engines": {
        "node": ">=8.0.0"
      }
    },
    "node_modules/http-server": {
      "version": "0.11.1",
      "resolved": "https://registry.npmjs.org/http-server/-/http-server-0.11.1.tgz",
      "integrity": "sha512-6JeGDGoujJLmhjiRGlt8yK8Z9Kl0vnl/dQoQZlc4oeqaUoAKQg94NILLfrY3oWzSyFaQCVNTcKE5PZ3cH8VP9w==",
      "dev": true,
      "dependencies": {
        "colors": "1.0.3",
        "corser": "~2.0.0",
        "ecstatic": "^3.0.0",
        "http-proxy": "^1.8.1",
        "opener": "~1.4.0",
        "optimist": "0.6.x",
        "portfinder": "^1.0.13",
        "union": "~0.4.3"
      },
      "bin": {
        "hs": "bin/http-server",
        "http-server": "bin/http-server"
      }
    },
    "node_modules/lodash": {
      "version": "4.17.21",
      "resolved": "https://registry.npmjs.org/lodash/-/lodash-4.17.21.tgz",
      "integrity": "sha512-v2kDEe57lecTulaDIuNTPy3Ry4gLGJ6Z1O3vE1krgXZNrsQ+LFTGHVxVjcXPs17LhbZVGedAJv8XZ1tvj5FvSg==",
      "dev": true
    },
    "node_modules/mime": {
      "version": "1.6.0",
      "resolved": "https://registry.npmjs.org/mime/-/mime-1.6.0.tgz",
      "integrity": "sha512-x0Vn8spI+wuJ1O6S7gnbaQg8Pxh4NNHb7KSINmEWKiPE4RKOplvijn+NkmYmmRgP68mc70j2EbeTFRsrswaQeg==",
      "dev": true,
      "bin": {
        "mime": "cli.js"
      },
      "engines": {
        "node": ">=4"
      }
    },
    "node_modules/minimist": {
      "version": "1.2.5",
      "resolved": "https://registry.npmjs.org/minimist/-/minimist-1.2.5.tgz",
      "integrity": "sha512-FM9nNUYrRBAELZQT3xeZQ7fmMOBg6nWNmJKTcgsJeaLstP/UODVpGsr5OhXhhXg6f+qtJ8uiZ+PUxkDWcgIXLw==",
      "dev": true
    },
    "node_modules/mkdirp": {
      "version": "0.5.5",
      "resolved": "https://registry.npmjs.org/mkdirp/-/mkdirp-0.5.5.tgz",
      "integrity": "sha512-NKmAlESf6jMGym1++R0Ra7wvhV+wFW63FaSOFPwRahvea0gMUcGUhVeAg/0BC0wiv9ih5NYPB1Wn1UEI1/L+xQ==",
      "dev": true,
      "dependencies": {
        "minimist": "^1.2.5"
      },
      "bin": {
        "mkdirp": "bin/cmd.js"
      }
    },
    "node_modules/ms": {
      "version": "2.1.3",
      "resolved": "https://registry.npmjs.org/ms/-/ms-2.1.3.tgz",
      "integrity": "sha512-6FlzubTLZG3J2a/NVCAleEhjzq5oxgHyaCU9yYXvcLsvoVaHJq/s5xXI6/XXP6tz7R9xAOtHnSO/tXtF3WRTlA==",
      "dev": true
    },
    "node_modules/opener": {
      "version": "1.4.3",
      "resolved": "https://registry.npmjs.org/opener/-/opener-1.4.3.tgz",
      "integrity": "sha1-XG2ixdflgx6P+jlklQ+NZnSskLg=",
      "dev": true,
      "bin": {
        "opener": "opener.js"
      }
    },
    "node_modules/optimist": {
      "version": "0.6.1",
      "resolved": "https://registry.npmjs.org/optimist/-/optimist-0.6.1.tgz",
      "integrity": "sha1-2j6nRob6IaGaERwybpDrFaAZZoY=",
      "dev": true,
      "dependencies": {
        "minimist": "~0.0.1",
        "wordwrap": "~0.0.2"
      }
    },
    "node_modules/optimist/node_modules/minimist": {
      "version": "0.0.10",
      "resolved": "https://registry.npmjs.org/minimist/-/minimist-0.0.10.tgz",
      "integrity": "sha1-3j+YVD2/lggr5IrRoMfNqDYwHc8=",
      "dev": true
    },
    "node_modules/portfinder": {
      "version": "1.0.28",
      "resolved": "https://registry.npmjs.org/portfinder/-/portfinder-1.0.28.tgz",
      "integrity": "sha512-Se+2isanIcEqf2XMHjyUKskczxbPH7dQnlMjXX6+dybayyHvAf/TCgyMRlzf/B6QDhAEFOGes0pzRo3by4AbMA==",
      "dev": true,
      "dependencies": {
        "async": "^2.6.2",
        "debug": "^3.1.1",
        "mkdirp": "^0.5.5"
      },
      "engines": {
        "node": ">= 0.12.0"
      }
    },
    "node_modules/qs": {
      "version": "2.3.3",
      "resolved": "https://registry.npmjs.org/qs/-/qs-2.3.3.tgz",
      "integrity": "sha1-6eha2+ddoLvkyOBHaghikPhjtAQ=",
      "dev": true
    },
    "node_modules/requires-port": {
      "version": "1.0.0",
      "resolved": "https://registry.npmjs.org/requires-port/-/requires-port-1.0.0.tgz",
      "integrity": "sha1-kl0mAdOaxIXgkc8NpcbmlNw9yv8=",
      "dev": true
    },
    "node_modules/union": {
      "version": "0.4.6",
      "resolved": "https://registry.npmjs.org/union/-/union-0.4.6.tgz",
      "integrity": "sha1-GY+9rrolTniLDvy2MLwR8kopWeA=",
      "dev": true,
      "dependencies": {
        "qs": "~2.3.3"
      },
      "engines": {
        "node": ">= 0.8.0"
      }
    },
    "node_modules/url-join": {
      "version": "2.0.5",
      "resolved": "https://registry.npmjs.org/url-join/-/url-join-2.0.5.tgz",
      "integrity": "sha1-WvIvGMBSoACkjXuCxenC4v7tpyg=",
      "dev": true
    },
    "node_modules/wordwrap": {
      "version": "0.0.3",
      "resolved": "https://registry.npmjs.org/wordwrap/-/wordwrap-0.0.3.tgz",
      "integrity": "sha1-o9XabNXAvAAI03I0u68b7WMFkQc=",
      "dev": true,
      "engines": {
        "node": ">=0.4.0"
      }
    }
  },
  "dependencies": {
    "async": {
      "version": "2.6.3",
      "resolved": "https://registry.npmjs.org/async/-/async-2.6.3.tgz",
      "integrity": "sha512-zflvls11DCy+dQWzTW2dzuilv8Z5X/pjfmZOWba6TNIVDm+2UDaJmXSOXlasHKfNBs8oo3M0aT50fDEWfKZjXg==",
      "dev": true,
      "requires": {
        "lodash": "^4.17.14"
      }
    },
    "colors": {
      "version": "1.0.3",
      "resolved": "https://registry.npmjs.org/colors/-/colors-1.0.3.tgz",
      "integrity": "sha1-BDP0TYCWgP3rYO0mDxsMJi6CpAs=",
      "dev": true
    },
    "corser": {
      "version": "2.0.1",
      "resolved": "https://registry.npmjs.org/corser/-/corser-2.0.1.tgz",
      "integrity": "sha1-jtolLsqrWEDc2XXOuQ2TcMgZ/4c=",
      "dev": true
    },
    "debug": {
      "version": "3.2.7",
      "resolved": "https://registry.npmjs.org/debug/-/debug-3.2.7.tgz",
      "integrity": "sha512-CFjzYYAi4ThfiQvizrFQevTTXHtnCqWfe7x1AhgEscTz6ZbLbfoLRLPugTQyBth6f8ZERVUSyWHFD/7Wu4t1XQ==",
      "dev": true,
      "requires": {
        "ms": "^2.1.1"
      }
    },
    "ecstatic": {
      "version": "3.3.2",
      "resolved": "https://registry.npmjs.org/ecstatic/-/ecstatic-3.3.2.tgz",
      "integrity": "sha512-fLf9l1hnwrHI2xn9mEDT7KIi22UDqA2jaCwyCbSUJh9a1V+LEUSL/JO/6TIz/QyuBURWUHrFL5Kg2TtO1bkkog==",
      "dev": true,
      "requires": {
        "he": "^1.1.1",
        "mime": "^1.6.0",
        "minimist": "^1.1.0",
        "url-join": "^2.0.5"
      }
    },
    "elm-oembed": {
      "version": "0.0.6",
      "resolved": "https://registry.npmjs.org/elm-oembed/-/elm-oembed-0.0.6.tgz",
      "integrity": "sha512-EbDvhEgs5FmUF7T45HzcynsGnm/hqFslYU9z81UkjiE74/czedrQr8RXfMjSqnZ+Oloo7pi7ClO6xHHHyxcGKA==",
      "dev": true
    },
    "elm-pages": {
      "version": "file:../..",
      "requires": {
        "@types/cross-spawn": "^6.0.2",
        "@types/fs-extra": "^11.0.1",
        "@types/make-fetch-happen": "^10.0.1",
        "@types/micromatch": "^4.0.2",
        "@types/node": "^20.1.0",
        "@types/serve-static": "^1.15.1",
        "busboy": "^1.6.0",
        "chokidar": "^3.5.3",
        "commander": "^10.0.1",
        "connect": "^3.7.0",
        "cookie-signature": "^1.2.1",
        "cross-spawn": "7.0.3",
        "cypress": "^12.11.0",
        "devcert": "^1.2.2",
        "elm-codegen": "^0.3.0",
        "elm-doc-preview": "^5.0.5",
        "elm-hot": "^1.1.6",
        "elm-optimize-level-2": "^0.3.5",
        "elm-review": "^2.10.2",
        "elm-test": "^0.19.1-revision12",
        "elm-tooling": "^1.14.0",
        "elm-verify-examples": "^5.2.0",
        "elmi-to-json": "^1.4.3",
        "esbuild": "^0.17.18",
        "fs-extra": "^11.1.1",
        "globby": "13.1.4",
        "gray-matter": "^4.0.3",
        "jsesc": "^3.0.2",
        "kleur": "^4.1.5",
        "make-fetch-happen": "^11.1.1",
        "memfs": "^3.5.1",
        "micromatch": "^4.0.5",
        "serve-static": "^1.15.0",
        "terser": "^5.17.1",
        "typescript": "^5.0.4",
        "vite": "^4.3.5",
        "vitest": "^0.31.0",
        "which": "^3.0.1"
      }
    },
    "elm-tooling": {
      "version": "1.3.0",
      "resolved": "https://registry.npmjs.org/elm-tooling/-/elm-tooling-1.3.0.tgz",
      "integrity": "sha512-OLRg8D7QCbzMmi8QTaebIIsH2qaIj4NiltuJ8vZj4JFHOIVa3utyD5tlfySBGZNfDG7+vZ2K8iDk82TalFaAbw==",
      "dev": true
    },
    "eventemitter3": {
      "version": "4.0.7",
      "resolved": "https://registry.npmjs.org/eventemitter3/-/eventemitter3-4.0.7.tgz",
      "integrity": "sha512-8guHBZCwKnFhYdHr2ysuRWErTwhoN2X8XELRlrRwpmfeY2jjuUN4taQMsULKUVo1K4DvZl+0pgfyoysHxvmvEw==",
      "dev": true
    },
    "follow-redirects": {
      "version": "1.13.3",
      "resolved": "https://registry.npmjs.org/follow-redirects/-/follow-redirects-1.13.3.tgz",
      "integrity": "sha512-DUgl6+HDzB0iEptNQEXLx/KhTmDb8tZUHSeLqpnjpknR70H0nC2t9N73BK6fN4hOvJ84pKlIQVQ4k5FFlBedKA==",
      "dev": true
    },
    "he": {
      "version": "1.2.0",
      "resolved": "https://registry.npmjs.org/he/-/he-1.2.0.tgz",
      "integrity": "sha512-F/1DnUGPopORZi0ni+CvrCgHQ5FyEAHRLSApuYWMmrbSwoN2Mn/7k+Gl38gJnR7yyDZk6WLXwiGod1JOWNDKGw==",
      "dev": true
    },
    "http-proxy": {
      "version": "1.18.1",
      "resolved": "https://registry.npmjs.org/http-proxy/-/http-proxy-1.18.1.tgz",
      "integrity": "sha512-7mz/721AbnJwIVbnaSv1Cz3Am0ZLT/UBwkC92VlxhXv/k/BBQfM2fXElQNC27BVGr0uwUpplYPQM9LnaBMR5NQ==",
      "dev": true,
      "requires": {
        "eventemitter3": "^4.0.0",
        "follow-redirects": "^1.0.0",
        "requires-port": "^1.0.0"
      }
    },
    "http-server": {
      "version": "0.11.1",
      "resolved": "https://registry.npmjs.org/http-server/-/http-server-0.11.1.tgz",
      "integrity": "sha512-6JeGDGoujJLmhjiRGlt8yK8Z9Kl0vnl/dQoQZlc4oeqaUoAKQg94NILLfrY3oWzSyFaQCVNTcKE5PZ3cH8VP9w==",
      "dev": true,
      "requires": {
        "colors": "1.0.3",
        "corser": "~2.0.0",
        "ecstatic": "^3.0.0",
        "http-proxy": "^1.8.1",
        "opener": "~1.4.0",
        "optimist": "0.6.x",
        "portfinder": "^1.0.13",
        "union": "~0.4.3"
      }
    },
    "lodash": {
      "version": "4.17.21",
      "resolved": "https://registry.npmjs.org/lodash/-/lodash-4.17.21.tgz",
      "integrity": "sha512-v2kDEe57lecTulaDIuNTPy3Ry4gLGJ6Z1O3vE1krgXZNrsQ+LFTGHVxVjcXPs17LhbZVGedAJv8XZ1tvj5FvSg==",
      "dev": true
    },
    "mime": {
      "version": "1.6.0",
      "resolved": "https://registry.npmjs.org/mime/-/mime-1.6.0.tgz",
      "integrity": "sha512-x0Vn8spI+wuJ1O6S7gnbaQg8Pxh4NNHb7KSINmEWKiPE4RKOplvijn+NkmYmmRgP68mc70j2EbeTFRsrswaQeg==",
      "dev": true
    },
    "minimist": {
      "version": "1.2.5",
      "resolved": "https://registry.npmjs.org/minimist/-/minimist-1.2.5.tgz",
      "integrity": "sha512-FM9nNUYrRBAELZQT3xeZQ7fmMOBg6nWNmJKTcgsJeaLstP/UODVpGsr5OhXhhXg6f+qtJ8uiZ+PUxkDWcgIXLw==",
      "dev": true
    },
    "mkdirp": {
      "version": "0.5.5",
      "resolved": "https://registry.npmjs.org/mkdirp/-/mkdirp-0.5.5.tgz",
      "integrity": "sha512-NKmAlESf6jMGym1++R0Ra7wvhV+wFW63FaSOFPwRahvea0gMUcGUhVeAg/0BC0wiv9ih5NYPB1Wn1UEI1/L+xQ==",
      "dev": true,
      "requires": {
        "minimist": "^1.2.5"
      }
    },
    "ms": {
      "version": "2.1.3",
      "resolved": "https://registry.npmjs.org/ms/-/ms-2.1.3.tgz",
      "integrity": "sha512-6FlzubTLZG3J2a/NVCAleEhjzq5oxgHyaCU9yYXvcLsvoVaHJq/s5xXI6/XXP6tz7R9xAOtHnSO/tXtF3WRTlA==",
      "dev": true
    },
    "opener": {
      "version": "1.4.3",
      "resolved": "https://registry.npmjs.org/opener/-/opener-1.4.3.tgz",
      "integrity": "sha1-XG2ixdflgx6P+jlklQ+NZnSskLg=",
      "dev": true
    },
    "optimist": {
      "version": "0.6.1",
      "resolved": "https://registry.npmjs.org/optimist/-/optimist-0.6.1.tgz",
      "integrity": "sha1-2j6nRob6IaGaERwybpDrFaAZZoY=",
      "dev": true,
      "requires": {
        "minimist": "~0.0.1",
        "wordwrap": "~0.0.2"
      },
      "dependencies": {
        "minimist": {
          "version": "0.0.10",
          "resolved": "https://registry.npmjs.org/minimist/-/minimist-0.0.10.tgz",
          "integrity": "sha1-3j+YVD2/lggr5IrRoMfNqDYwHc8=",
          "dev": true
        }
      }
    },
    "portfinder": {
      "version": "1.0.28",
      "resolved": "https://registry.npmjs.org/portfinder/-/portfinder-1.0.28.tgz",
      "integrity": "sha512-Se+2isanIcEqf2XMHjyUKskczxbPH7dQnlMjXX6+dybayyHvAf/TCgyMRlzf/B6QDhAEFOGes0pzRo3by4AbMA==",
      "dev": true,
      "requires": {
        "async": "^2.6.2",
        "debug": "^3.1.1",
        "mkdirp": "^0.5.5"
      }
    },
    "qs": {
      "version": "2.3.3",
      "resolved": "https://registry.npmjs.org/qs/-/qs-2.3.3.tgz",
      "integrity": "sha1-6eha2+ddoLvkyOBHaghikPhjtAQ=",
      "dev": true
    },
    "requires-port": {
      "version": "1.0.0",
      "resolved": "https://registry.npmjs.org/requires-port/-/requires-port-1.0.0.tgz",
      "integrity": "sha1-kl0mAdOaxIXgkc8NpcbmlNw9yv8=",
      "dev": true
    },
    "union": {
      "version": "0.4.6",
      "resolved": "https://registry.npmjs.org/union/-/union-0.4.6.tgz",
      "integrity": "sha1-GY+9rrolTniLDvy2MLwR8kopWeA=",
      "dev": true,
      "requires": {
        "qs": "~2.3.3"
      }
    },
    "url-join": {
      "version": "2.0.5",
      "resolved": "https://registry.npmjs.org/url-join/-/url-join-2.0.5.tgz",
      "integrity": "sha1-WvIvGMBSoACkjXuCxenC4v7tpyg=",
      "dev": true
    },
    "wordwrap": {
      "version": "0.0.3",
      "resolved": "https://registry.npmjs.org/wordwrap/-/wordwrap-0.0.3.tgz",
      "integrity": "sha1-o9XabNXAvAAI03I0u68b7WMFkQc=",
      "dev": true
    }
  }
}
